
Microsoft Visual Studio Solution File, Format Version 12.00
# Visual Studio Version 16
VisualStudioVersion = 16.0.28803.352
MinimumVisualStudioVersion = 10.0.40219.1
Project("{FAE04EC0-301F-11D3-BF4B-00C04F79EFBC}") = "RefAndOutKeywords", "RefAndOutKeywords\RefAndOutKeywords.csproj", "{CC8DF16F-1CD8-4986-8CC9-BA664AEDA99F}"
EndProject
Global
	GlobalSection(SolutionConfigurationPlatforms) = preSolution
		Debug|Any CPU = Debug|Any CPU
		Release|Any CPU = Release|Any CPU
	EndGlobalSection
	GlobalSection(ProjectConfigurationPlatforms) = postSolution
		{CC8DF16F-1CD8-4986-8CC9-BA664AEDA99F}.Debug|Any CPU.ActiveCfg = Debug|Any CPU
		{CC8DF16F-1CD8-4986-8CC9-BA664AEDA99F}.Debug|Any CPU.Build.0 = Debug|Any CPU
		{CC8DF16F-1CD8-4986-8CC9-BA664AEDA99F}.Release|Any CPU.ActiveCfg = Release|Any CPU
		{CC8DF16F-1CD8-4986-8CC9-BA664AEDA99F}.Release|Any CPU.Build.0 = Release|Any CPU
	EndGlobalSection
	GlobalSection(SolutionProperties) = preSolution
		HideSolutionNode = FALSE
	EndGlobalSection
	GlobalSection(ExtensibilityGlobals) = postSolution
		SolutionGuid = {B5DF4594-C788-4FF2-AA9B-1D04470F3449}
	EndGlobalSection
EndGlobal
